
Microsoft Visual Studio Solution File, Format Version 12.00
# Visual Studio Version 17
VisualStudioVersion = 17.10.34916.146
MinimumVisualStudioVersion = 10.0.40219.1
Project("{FAE04EC0-301F-11D3-BF4B-00C04F79EFBC}") = "lab5_adapter", "lab5_adapter\lab5_adapter.csproj", "{019B0DF8-710D-4E36-A32D-FE241B325C75}"
EndProject
Global
	GlobalSection(SolutionConfigurationPlatforms) = preSolution
		Debug|Any CPU = Debug|Any CPU
		Release|Any CPU = Release|Any CPU
	EndGlobalSection
	GlobalSection(ProjectConfigurationPlatforms) = postSolution
		{019B0DF8-710D-4E36-A32D-FE241B325C75}.Debug|Any CPU.ActiveCfg = Debug|Any CPU
		{019B0DF8-710D-4E36-A32D-FE241B325C75}.Debug|Any CPU.Build.0 = Debug|Any CPU
		{019B0DF8-710D-4E36-A32D-FE241B325C75}.Release|Any CPU.ActiveCfg = Release|Any CPU
		{019B0DF8-710D-4E36-A32D-FE241B325C75}.Release|Any CPU.Build.0 = Release|Any CPU
	EndGlobalSection
	GlobalSection(SolutionProperties) = preSolution
		HideSolutionNode = FALSE
	EndGlobalSection
	GlobalSection(ExtensibilityGlobals) = postSolution
		SolutionGuid = {6CBE86BF-634E-47FE-A01D-567292034A82}
	EndGlobalSection
EndGlobal
